// !$*UTF8*$!
{
	archiveVersion = 1;
	classes = {
	};
	objectVersion = 46;
	objects = {

/* Begin PBXBuildFile section */
		343070F31DEA9A9B006063B2 /* CompleteTaskViewController.swift in Sources */ = {isa = PBXBuildFile; fileRef = 343070F21DEA9A9B006063B2 /* CompleteTaskViewController.swift */; };
		3488F7231DE75C2A00696C10 /* AppDelegate.swift in Sources */ = {isa = PBXBuildFile; fileRef = 3488F7221DE75C2A00696C10 /* AppDelegate.swift */; };
		3488F7251DE75C2A00696C10 /* TasksViewController.swift in Sources */ = {isa = PBXBuildFile; fileRef = 3488F7241DE75C2A00696C10 /* TasksViewController.swift */; };
		3488F7281DE75C2A00696C10 /* Main.storyboard in Resources */ = {isa = PBXBuildFile; fileRef = 3488F7261DE75C2A00696C10 /* Main.storyboard */; };
		3488F72B1DE75C2A00696C10 /* DoIt.xcdatamodeld in Sources */ = {isa = PBXBuildFile; fileRef = 3488F7291DE75C2A00696C10 /* DoIt.xcdatamodeld */; };
		3488F72D1DE75C2A00696C10 /* Assets.xcassets in Resources */ = {isa = PBXBuildFile; fileRef = 3488F72C1DE75C2A00696C10 /* Assets.xcassets */; };
		3488F7301DE75C2A00696C10 /* LaunchScreen.storyboard in Resources */ = {isa = PBXBuildFile; fileRef = 3488F72E1DE75C2A00696C10 /* LaunchScreen.storyboard */; };
		3488F7381DE7648B00696C10 /* Task.swift in Sources */ = {isa = PBXBuildFile; fileRef = 3488F7371DE7648B00696C10 /* Task.swift */; };
		3488F73A1DE94BB100696C10 /* CreateTaskViewController.swift in Sources */ = {isa = PBXBuildFile; fileRef = 3488F7391DE94BB100696C10 /* CreateTaskViewController.swift */; };
/* End PBXBuildFile section */

/* Begin PBXFileReference section */
		343070F21DEA9A9B006063B2 /* CompleteTaskViewController.swift */ = {isa = PBXFileReference; fileEncoding = 4; lastKnownFileType = sourcecode.swift; path = CompleteTaskViewController.swift; sourceTree = "<group>"; };
		3488F71F1DE75C2A00696C10 /* DoIt.app */ = {isa = PBXFileReference; explicitFileType = wrapper.application; includeInIndex = 0; path = DoIt.app; sourceTree = BUILT_PRODUCTS_DIR; };
		3488F7221DE75C2A00696C10 /* AppDelegate.swift */ = {isa = PBXFileReference; lastKnownFileType = sourcecode.swift; path = AppDelegate.swift; sourceTree = "<group>"; };
		3488F7241DE75C2A00696C10 /* TasksViewController.swift */ = {isa = PBXFileReference; lastKnownFileType = sourcecode.swift; path = TasksViewController.swift; sourceTree = "<group>"; };
		3488F7271DE75C2A00696C10 /* Base */ = {isa = PBXFileReference; lastKnownFileType = file.storyboard; name = Base; path = Base.lproj/Main.storyboard; sourceTree = "<group>"; };
		3488F72A1DE75C2A00696C10 /* DoIt.xcdatamodel */ = {isa = PBXFileReference; lastKnownFileType = wrapper.xcdatamodel; path = DoIt.xcdatamodel; sourceTree = "<group>"; };
		3488F72C1DE75C2A00696C10 /* Assets.xcassets */ = {isa = PBXFileReference; lastKnownFileType = folder.assetcatalog; path = Assets.xcassets; sourceTree = "<group>"; };
		3488F72F1DE75C2A00696C10 /* Base */ = {isa = PBXFileReference; lastKnownFileType = file.storyboard; name = Base; path = Base.lproj/LaunchScreen.storyboard; sourceTree = "<group>"; };
		3488F7311DE75C2A00696C10 /* Info.plist */ = {isa = PBXFileReference; lastKnownFileType = text.plist.xml; path = Info.plist; sourceTree = "<group>"; };
		3488F7371DE7648B00696C10 /* Task.swift */ = {isa = PBXFileReference; fileEncoding = 4; lastKnownFileType = sourcecode.swift; path = Task.swift; sourceTree = "<group>"; };
		3488F7391DE94BB100696C10 /* CreateTaskViewController.swift */ = {isa = PBXFileReference; fileEncoding = 4; lastKnownFileType = sourcecode.swift; path = CreateTaskViewController.swift; sourceTree = "<group>"; };
/* End PBXFileReference section */

/* Begin PBXFrameworksBuildPhase section */
		3488F71C1DE75C2900696C10 /* Frameworks */ = {
			isa = PBXFrameworksBuildPhase;
			buildActionMask = 2147483647;
			files = (
			);
			runOnlyForDeploymentPostprocessing = 0;
		};
/* End PBXFrameworksBuildPhase section */

/* Begin PBXGroup section */
		3488F7161DE75C2900696C10 = {
			isa = PBXGroup;
			children = (
				3488F7211DE75C2A00696C10 /* DoIt */,
				3488F7201DE75C2A00696C10 /* Products */,
			);
			sourceTree = "<group>";
		};
		3488F7201DE75C2A00696C10 /* Products */ = {
			isa = PBXGroup;
			children = (
				3488F71F1DE75C2A00696C10 /* DoIt.app */,
			);
			name = Products;
			sourceTree = "<group>";
		};
		3488F7211DE75C2A00696C10 /* DoIt */ = {
			isa = PBXGroup;
			children = (
				3488F7221DE75C2A00696C10 /* AppDelegate.swift */,
				3488F7241DE75C2A00696C10 /* TasksViewController.swift */,
				3488F7391DE94BB100696C10 /* CreateTaskViewController.swift */,
				343070F21DEA9A9B006063B2 /* CompleteTaskViewController.swift */,
				3488F7261DE75C2A00696C10 /* Main.storyboard */,
				3488F7371DE7648B00696C10 /* Task.swift */,
				3488F72C1DE75C2A00696C10 /* Assets.xcassets */,
				3488F72E1DE75C2A00696C10 /* LaunchScreen.storyboard */,
				3488F7311DE75C2A00696C10 /* Info.plist */,
				3488F7291DE75C2A00696C10 /* DoIt.xcdatamodeld */,
			);
			path = DoIt;
			sourceTree = "<group>";
		};
/* End PBXGroup section */

/* Begin PBXNativeTarget section */
		3488F71E1DE75C2900696C10 /* DoIt */ = {
			isa = PBXNativeTarget;
			buildConfigurationList = 3488F7341DE75C2A00696C10 /* Build configuration list for PBXNativeTarget "DoIt" */;
			buildPhases = (
				3488F71B1DE75C2900696C10 /* Sources */,
				3488F71C1DE75C2900696C10 /* Frameworks */,
				3488F71D1DE75C2900696C10 /* Resources */,
			);
			buildRules = (
			);
			dependencies = (
			);
			name = DoIt;
			productName = DoIt;
			productReference = 3488F71F1DE75C2A00696C10 /* DoIt.app */;
			productType = "com.apple.product-type.application";
		};
/* End PBXNativeTarget section */

/* Begin PBXProject section */
		3488F7171DE75C2900696C10 /* Project object */ = {
			isa = PBXProject;
			attributes = {
				LastSwiftUpdateCheck = 0810;
				LastUpgradeCheck = 0810;
				ORGANIZATIONNAME = RevWon;
				TargetAttributes = {
					3488F71E1DE75C2900696C10 = {
						CreatedOnToolsVersion = 8.1;
						DevelopmentTeam = 438HXC9F73;
						ProvisioningStyle = Automatic;
					};
				};
			};
			buildConfigurationList = 3488F71A1DE75C2900696C10 /* Build configuration list for PBXProject "DoIt" */;
			compatibilityVersion = "Xcode 3.2";
			developmentRegion = English;
			hasScannedForEncodings = 0;
			knownRegions = (
				en,
				Base,
			);
			mainGroup = 3488F7161DE75C2900696C10;
			productRefGroup = 3488F7201DE75C2A00696C10 /* Products */;
			projectDirPath = "";
			projectRoot = "";
			targets = (
				3488F71E1DE75C2900696C10 /* DoIt */,
			);
		};
/* End PBXProject section */

/* Begin PBXResourcesBuildPhase section */
		3488F71D1DE75C2900696C10 /* Resources */ = {
			isa = PBXResourcesBuildPhase;
			buildActionMask = 2147483647;
			files = (
				3488F7301DE75C2A00696C10 /* LaunchScreen.storyboard in Resources */,
				3488F72D1DE75C2A00696C10 /* Assets.xcassets in Resources */,
				3488F7281DE75C2A00696C10 /* Main.storyboard in Resources */,
			);
			runOnlyForDeploymentPostprocessing = 0;
		};
/* End PBXResourcesBuildPhase section */

/* Begin PBXSourcesBuildPhase section */
		3488F71B1DE75C2900696C10 /* Sources */ = {
			isa = PBXSourcesBuildPhase;
			buildActionMask = 2147483647;
			files = (
				3488F7381DE7648B00696C10 /* Task.swift in Sources */,
				3488F72B1DE75C2A00696C10 /* DoIt.xcdatamodeld in Sources */,
				343070F31DEA9A9B006063B2 /* CompleteTaskViewController.swift in Sources */,
				3488F7251DE75C2A00696C10 /* TasksViewController.swift in Sources */,
				3488F7231DE75C2A00696C10 /* AppDelegate.swift in Sources */,
				3488F73A1DE94BB100696C10 /* CreateTaskViewController.swift in Sources */,
			);
			runOnlyForDeploymentPostprocessing = 0;
		};
/* End PBXSourcesBuildPhase section */

/* Begin PBXVariantGroup section */
		3488F7261DE75C2A00696C10 /* Main.storyboard */ = {
			isa = PBXVariantGroup;
			children = (
				3488F7271DE75C2A00696C10 /* Base */,
			);
			name = Main.storyboard;
			sourceTree = "<group>";
		};
		3488F72E1DE75C2A00696C10 /* LaunchScreen.storyboard */ = {
			isa = PBXVariantGroup;
			children = (
				3488F72F1DE75C2A00696C10 /* Base */,
			);
			name = LaunchScreen.storyboard;
			sourceTree = "<group>";
		};
/* End PBXVariantGroup section */

/* Begin XCBuildConfiguration section */
		3488F7321DE75C2A00696C10 /* Debug */ = {
			isa = XCBuildConfiguration;
			buildSettings = {
				ALWAYS_SEARCH_USER_PATHS = NO;
				CLANG_ANALYZER_NONNULL = YES;
				CLANG_CXX_LANGUAGE_STANDARD = "gnu++0x";
				CLANG_CXX_LIBRARY = "libc++";
				CLANG_ENABLE_MODULES = YES;
				CLANG_ENABLE_OBJC_ARC = YES;
				CLANG_WARN_BOOL_CONVERSION = YES;
				CLANG_WARN_CONSTANT_CONVERSION = YES;
				CLANG_WARN_DIRECT_OBJC_ISA_USAGE = YES_ERROR;
				CLANG_WARN_DOCUMENTATION_COMMENTS = YES;
				CLANG_WARN_EMPTY_BODY = YES;
				CLANG_WARN_ENUM_CONVERSION = YES;
				CLANG_WARN_INFINITE_RECURSION = YES;
				CLANG_WARN_INT_CONVERSION = YES;
				CLANG_WARN_OBJC_ROOT_CLASS = YES_ERROR;
				CLANG_WARN_SUSPICIOUS_MOVES = YES;
				CLANG_WARN_UNREACHABLE_CODE = YES;
				CLANG_WARN__DUPLICATE_METHOD_MATCH = YES;
				"CODE_SIGN_IDENTITY[sdk=iphoneos*]" = "iPhone Developer";
				COPY_PHASE_STRIP = NO;
				DEBUG_INFORMATION_FORMAT = dwarf;
				ENABLE_STRICT_OBJC_MSGSEND = YES;
				ENABLE_TESTABILITY = YES;
				GCC_C_LANGUAGE_STANDARD = gnu99;
				GCC_DYNAMIC_NO_PIC = NO;
				GCC_NO_COMMON_BLOCKS = YES;
				GCC_OPTIMIZATION_LEVEL = 0;
				GCC_PREPROCESSOR_DEFINITIONS = (
					"DEBUG=1",
					"$(inherited)",
				);
				GCC_WARN_64_TO_32_BIT_CONVERSION = YES;
				GCC_WARN_ABOUT_RETURN_TYPE = YES_ERROR;
				GCC_WARN_UNDECLARED_SELECTOR = YES;
				GCC_WARN_UNINITIALIZED_AUTOS = YES_AGGRESSIVE;
				GCC_WARN_UNUSED_FUNCTION = YES;
				GCC_WARN_UNUSED_VARIABLE = YES;
				IPHONEOS_DEPLOYMENT_TARGET = 10.1;
				MTL_ENABLE_DEBUG_INFO = YES;
				ONLY_ACTIVE_ARCH = YES;
				SDKROOT = iphoneos;
				SWIFT_ACTIVE_COMPILATION_CONDITIONS = DEBUG;
				SWIFT_OPTIMIZATION_LEVEL = "-Onone";
				TARGETED_DEVICE_FAMILY = "1,2";
			};
			name = Debug;
		};
		3488F7331DE75C2A00696C10 /* Release */ = {
			isa = XCBuildConfiguration;
			buildSettings = {
				ALWAYS_SEARCH_USER_PATHS = NO;
				CLANG_ANALYZER_NONNULL = YES;
				CLANG_CXX_LANGUAGE_STANDARD = "gnu++0x";
				CLANG_CXX_LIBRARY = "libc++";
				CLANG_ENABLE_MODULES = YES;
				CLANG_ENABLE_OBJC_ARC = YES;
				CLANG_WARN_BOOL_CONVERSION = YES;
				CLANG_WARN_CONSTANT_CONVERSION = YES;
				CLANG_WARN_DIRECT_OBJC_ISA_USAGE = YES_ERROR;
				CLANG_WARN_DOCUMENTATION_COMMENTS = YES;
				CLANG_WARN_EMPTY_BODY = YES;
				CLANG_WARN_ENUM_CONVERSION = YES;
				CLANG_WARN_INFINITE_RECURSION = YES;
				CLANG_WARN_INT_CONVERSION = YES;
				CLANG_WARN_OBJC_ROOT_CLASS = YES_ERROR;
				CLANG_WARN_SUSPICIOUS_MOVES = YES;
				CLANG_WARN_UNREACHABLE_CODE = YES;
				CLANG_WARN__DUPLICATE_METHOD_MATCH = YES;
				"CODE_SIGN_IDENTITY[sdk=iphoneos*]" = "iPhone Developer";
				COPY_PHASE_STRIP = NO;
				DEBUG_INFORMATION_FORMAT = "dwarf-with-dsym";
				ENABLE_NS_ASSERTIONS = NO;
				ENABLE_STRICT_OBJC_MSGSEND = YES;
				GCC_C_LANGUAGE_STANDARD = gnu99;
				GCC_NO_COMMON_BLOCKS = YES;
				GCC_WARN_64_TO_32_BIT_CONVERSION = YES;
				GCC_WARN_ABOUT_RETURN_TYPE = YES_ERROR;
				GCC_WARN_UNDECLARED_SELECTOR = YES;
				GCC_WARN_UNINITIALIZED_AUTOS = YES_AGGRESSIVE;
				GCC_WARN_UNUSED_FUNCTION = YES;
				GCC_WARN_UNUSED_VARIABLE = YES;
				IPHONEOS_DEPLOYMENT_TARGET = 10.1;
				MTL_ENABLE_DEBUG_INFO = NO;
				SDKROOT = iphoneos;
				SWIFT_OPTIMIZATION_LEVEL = "-Owholemodule";
				TARGETED_DEVICE_FAMILY = "1,2";
				VALIDATE_PRODUCT = YES;
			};
			name = Release;
		};
		3488F7351DE75C2A00696C10 /* Debug */ = {
			isa = XCBuildConfiguration;
			buildSettings = {
				ASSETCATALOG_COMPILER_APPICON_NAME = AppIcon;
				DEVELOPMENT_TEAM = 438HXC9F73;
				INFOPLIST_FILE = DoIt/Info.plist;
				LD_RUNPATH_SEARCH_PATHS = "$(inherited) @executable_path/Frameworks";
				PRODUCT_BUNDLE_IDENTIFIER = com.RevWon.DoIt;
				PRODUCT_NAME = "$(TARGET_NAME)";
				SWIFT_VERSION = 3.0;
			};
			name = Debug;
		};
		3488F7361DE75C2A00696C10 /* Release */ = {
			isa = XCBuildConfiguration;
			buildSettings = {
				ASSETCATALOG_COMPILER_APPICON_NAME = AppIcon;
				DEVELOPMENT_TEAM = 438HXC9F73;
				INFOPLIST_FILE = DoIt/Info.plist;
				LD_RUNPATH_SEARCH_PATHS = "$(inherited) @executable_path/Frameworks";
				PRODUCT_BUNDLE_IDENTIFIER = com.RevWon.DoIt;
				PRODUCT_NAME = "$(TARGET_NAME)";
				SWIFT_VERSION = 3.0;
			};
			name = Release;
		};
/* End XCBuildConfiguration section */

/* Begin XCConfigurationList section */
		3488F71A1DE75C2900696C10 /* Build configuration list for PBXProject "DoIt" */ = {
			isa = XCConfigurationList;
			buildConfigurations = (
				3488F7321DE75C2A00696C10 /* Debug */,
				3488F7331DE75C2A00696C10 /* Release */,
			);
			defaultConfigurationIsVisible = 0;
			defaultConfigurationName = Release;
		};
		3488F7341DE75C2A00696C10 /* Build configuration list for PBXNativeTarget "DoIt" */ = {
			isa = XCConfigurationList;
			buildConfigurations = (
				3488F7351DE75C2A00696C10 /* Debug */,
				3488F7361DE75C2A00696C10 /* Release */,
			);
			defaultConfigurationIsVisible = 0;
			defaultConfigurationName = Release;
		};
/* End XCConfigurationList section */

/* Begin XCVersionGroup section */
		3488F7291DE75C2A00696C10 /* DoIt.xcdatamodeld */ = {
			isa = XCVersionGroup;
			children = (
				3488F72A1DE75C2A00696C10 /* DoIt.xcdatamodel */,
			);
			currentVersion = 3488F72A1DE75C2A00696C10 /* DoIt.xcdatamodel */;
			path = DoIt.xcdatamodeld;
			sourceTree = "<group>";
			versionGroupType = wrapper.xcdatamodel;
		};
/* End XCVersionGroup section */
	};
	rootObject = 3488F7171DE75C2900696C10 /* Project object */;
}
